
Microsoft Visual Studio Solution File, Format Version 12.00
# Visual Studio Version 16
VisualStudioVersion = 16.0.31702.278
MinimumVisualStudioVersion = 10.0.40219.1
Project("{FAE04EC0-301F-11D3-BF4B-00C04F79EFBC}") = "WPF-test", "WPF-test\WPF-test.csproj", "{60EE3266-9491-4818-9471-E80195B3316E}"
EndProject
Global
	GlobalSection(SolutionConfigurationPlatforms) = preSolution
		Debug|Any CPU = Debug|Any CPU
		Release|Any CPU = Release|Any CPU
	EndGlobalSection
	GlobalSection(ProjectConfigurationPlatforms) = postSolution
		{60EE3266-9491-4818-9471-E80195B3316E}.Debug|Any CPU.ActiveCfg = Debug|Any CPU
		{60EE3266-9491-4818-9471-E80195B3316E}.Debug|Any CPU.Build.0 = Debug|Any CPU
		{60EE3266-9491-4818-9471-E80195B3316E}.Release|Any CPU.ActiveCfg = Release|Any CPU
		{60EE3266-9491-4818-9471-E80195B3316E}.Release|Any CPU.Build.0 = Release|Any CPU
	EndGlobalSection
	GlobalSection(SolutionProperties) = preSolution
		HideSolutionNode = FALSE
	EndGlobalSection
	GlobalSection(ExtensibilityGlobals) = postSolution
		SolutionGuid = {BBE380C1-1671-4D1F-A407-183E77027020}
	EndGlobalSection
EndGlobal
