
Microsoft Visual Studio Solution File, Format Version 12.00
# Visual Studio Version 16
VisualStudioVersion = 16.0.31702.278
MinimumVisualStudioVersion = 10.0.40219.1
Project("{FAE04EC0-301F-11D3-BF4B-00C04F79EFBC}") = "Spaceific-Studio_Panel", "Spaceific-Studio_Panel\Spaceific-Studio_Panel.csproj", "{A976518E-3C13-4D05-8EFD-3ED0F6801CEE}"
EndProject
Global
	GlobalSection(SolutionConfigurationPlatforms) = preSolution
		Debug|Any CPU = Debug|Any CPU
		Release|Any CPU = Release|Any CPU
	EndGlobalSection
	GlobalSection(ProjectConfigurationPlatforms) = postSolution
		{A976518E-3C13-4D05-8EFD-3ED0F6801CEE}.Debug|Any CPU.ActiveCfg = Debug|Any CPU
		{A976518E-3C13-4D05-8EFD-3ED0F6801CEE}.Debug|Any CPU.Build.0 = Debug|Any CPU
		{A976518E-3C13-4D05-8EFD-3ED0F6801CEE}.Release|Any CPU.ActiveCfg = Release|Any CPU
		{A976518E-3C13-4D05-8EFD-3ED0F6801CEE}.Release|Any CPU.Build.0 = Release|Any CPU
	EndGlobalSection
	GlobalSection(SolutionProperties) = preSolution
		HideSolutionNode = FALSE
	EndGlobalSection
	GlobalSection(ExtensibilityGlobals) = postSolution
		SolutionGuid = {2CDC9AD4-6C6C-4235-BC38-02A918231B1A}
	EndGlobalSection
EndGlobal
