
Microsoft Visual Studio Solution File, Format Version 12.00
# Blend for Visual Studio Version 16
VisualStudioVersion = 16.0.31702.278
MinimumVisualStudioVersion = 10.0.40219.1
Project("{FAE04EC0-301F-11D3-BF4B-00C04F79EFBC}") = "GetParamsOfSelected", "GetParamsOfSelected\GetParamsOfSelected.csproj", "{2F09395B-E7FB-444C-A847-3DC33A139A56}"
EndProject
Global
	GlobalSection(SolutionConfigurationPlatforms) = preSolution
		Debug|Any CPU = Debug|Any CPU
		Debug|x64 = Debug|x64
		GetParamsOfSelected|Any CPU = GetParamsOfSelected|Any CPU
		GetParamsOfSelected|x64 = GetParamsOfSelected|x64
		Release|Any CPU = Release|Any CPU
		Release|x64 = Release|x64
	EndGlobalSection
	GlobalSection(ProjectConfigurationPlatforms) = postSolution
		{2F09395B-E7FB-444C-A847-3DC33A139A56}.Debug|Any CPU.ActiveCfg = Debug|Any CPU
		{2F09395B-E7FB-444C-A847-3DC33A139A56}.Debug|Any CPU.Build.0 = Debug|Any CPU
		{2F09395B-E7FB-444C-A847-3DC33A139A56}.Debug|x64.ActiveCfg = Debug|x64
		{2F09395B-E7FB-444C-A847-3DC33A139A56}.Debug|x64.Build.0 = Debug|x64
		{2F09395B-E7FB-444C-A847-3DC33A139A56}.GetParamsOfSelected|Any CPU.ActiveCfg = Release|Any CPU
		{2F09395B-E7FB-444C-A847-3DC33A139A56}.GetParamsOfSelected|Any CPU.Build.0 = Release|Any CPU
		{2F09395B-E7FB-444C-A847-3DC33A139A56}.GetParamsOfSelected|x64.ActiveCfg = Release|Any CPU
		{2F09395B-E7FB-444C-A847-3DC33A139A56}.GetParamsOfSelected|x64.Build.0 = Release|Any CPU
		{2F09395B-E7FB-444C-A847-3DC33A139A56}.Release|Any CPU.ActiveCfg = Release|Any CPU
		{2F09395B-E7FB-444C-A847-3DC33A139A56}.Release|Any CPU.Build.0 = Release|Any CPU
		{2F09395B-E7FB-444C-A847-3DC33A139A56}.Release|x64.ActiveCfg = Release|x64
		{2F09395B-E7FB-444C-A847-3DC33A139A56}.Release|x64.Build.0 = Release|x64
	EndGlobalSection
	GlobalSection(SolutionProperties) = preSolution
		HideSolutionNode = FALSE
	EndGlobalSection
	GlobalSection(ExtensibilityGlobals) = postSolution
		SolutionGuid = {FC908E74-5ACE-439D-8131-5B8309146D2C}
	EndGlobalSection
EndGlobal
